// !$*UTF8*$!
{
	archiveVersion = 1;
	classes = {
	};
	objectVersion = 56;
	objects = {

/* Begin PBXBuildFile section */
		C519D7B92BB995C300ECEC37 /* XDismissButton.swift in Sources */ = {isa = PBXBuildFile; fileRef = C519D7B82BB995C300ECEC37 /* XDismissButton.swift */; };
		C53C62AA2BB08A4900207E97 /* Apple_Frameworks_SwiftUIApp.swift in Sources */ = {isa = PBXBuildFile; fileRef = C53C62A92BB08A4900207E97 /* Apple_Frameworks_SwiftUIApp.swift */; };
		C53C62AE2BB08A4B00207E97 /* Assets.xcassets in Resources */ = {isa = PBXBuildFile; fileRef = C53C62AD2BB08A4B00207E97 /* Assets.xcassets */; };
		C53C62B12BB08A4B00207E97 /* Preview Assets.xcassets in Resources */ = {isa = PBXBuildFile; fileRef = C53C62B02BB08A4B00207E97 /* Preview Assets.xcassets */; };
		C53C62B82BB08A7400207E97 /* Framework.swift in Sources */ = {isa = PBXBuildFile; fileRef = C53C62B72BB08A7400207E97 /* Framework.swift */; };
		C53C62BA2BB08B6500207E97 /* FrameworkGridView.swift in Sources */ = {isa = PBXBuildFile; fileRef = C53C62B92BB08B6500207E97 /* FrameworkGridView.swift */; };
		C53C62BC2BB08BB700207E97 /* GridItemView.swift in Sources */ = {isa = PBXBuildFile; fileRef = C53C62BB2BB08BB700207E97 /* GridItemView.swift */; };
		C54EFB9E2BB5A83900F7E947 /* FrameworkGridViewModel.swift in Sources */ = {isa = PBXBuildFile; fileRef = C54EFB9D2BB5A83900F7E947 /* FrameworkGridViewModel.swift */; };
		C54EFBA02BB5AD4B00F7E947 /* SafariView.swift in Sources */ = {isa = PBXBuildFile; fileRef = C54EFB9F2BB5AD4B00F7E947 /* SafariView.swift */; };
		C59ABA4E2BB2DEA0005C1819 /* DetailView.swift in Sources */ = {isa = PBXBuildFile; fileRef = C59ABA4D2BB2DEA0005C1819 /* DetailView.swift */; };
		C59ABA502BB2FC3A005C1819 /* AFButton.swift in Sources */ = {isa = PBXBuildFile; fileRef = C59ABA4F2BB2FC3A005C1819 /* AFButton.swift */; };
/* End PBXBuildFile section */

/* Begin PBXFileReference section */
		C519D7B82BB995C300ECEC37 /* XDismissButton.swift */ = {isa = PBXFileReference; lastKnownFileType = sourcecode.swift; path = XDismissButton.swift; sourceTree = "<group>"; };
		C53C62A62BB08A4900207E97 /* Apple-Frameworks-SwiftUI.app */ = {isa = PBXFileReference; explicitFileType = wrapper.application; includeInIndex = 0; path = "Apple-Frameworks-SwiftUI.app"; sourceTree = BUILT_PRODUCTS_DIR; };
		C53C62A92BB08A4900207E97 /* Apple_Frameworks_SwiftUIApp.swift */ = {isa = PBXFileReference; lastKnownFileType = sourcecode.swift; path = Apple_Frameworks_SwiftUIApp.swift; sourceTree = "<group>"; };
		C53C62AD2BB08A4B00207E97 /* Assets.xcassets */ = {isa = PBXFileReference; lastKnownFileType = folder.assetcatalog; path = Assets.xcassets; sourceTree = "<group>"; };
		C53C62B02BB08A4B00207E97 /* Preview Assets.xcassets */ = {isa = PBXFileReference; lastKnownFileType = folder.assetcatalog; path = "Preview Assets.xcassets"; sourceTree = "<group>"; };
		C53C62B72BB08A7400207E97 /* Framework.swift */ = {isa = PBXFileReference; lastKnownFileType = sourcecode.swift; path = Framework.swift; sourceTree = "<group>"; };
		C53C62B92BB08B6500207E97 /* FrameworkGridView.swift */ = {isa = PBXFileReference; lastKnownFileType = sourcecode.swift; path = FrameworkGridView.swift; sourceTree = "<group>"; };
		C53C62BB2BB08BB700207E97 /* GridItemView.swift */ = {isa = PBXFileReference; lastKnownFileType = sourcecode.swift; path = GridItemView.swift; sourceTree = "<group>"; };
		C54EFB9D2BB5A83900F7E947 /* FrameworkGridViewModel.swift */ = {isa = PBXFileReference; lastKnownFileType = sourcecode.swift; path = FrameworkGridViewModel.swift; sourceTree = "<group>"; };
		C54EFB9F2BB5AD4B00F7E947 /* SafariView.swift */ = {isa = PBXFileReference; lastKnownFileType = sourcecode.swift; path = SafariView.swift; sourceTree = "<group>"; };
		C59ABA4D2BB2DEA0005C1819 /* DetailView.swift */ = {isa = PBXFileReference; lastKnownFileType = sourcecode.swift; path = DetailView.swift; sourceTree = "<group>"; };
		C59ABA4F2BB2FC3A005C1819 /* AFButton.swift */ = {isa = PBXFileReference; lastKnownFileType = sourcecode.swift; path = AFButton.swift; sourceTree = "<group>"; };
/* End PBXFileReference section */

/* Begin PBXFrameworksBuildPhase section */
		C53C62A32BB08A4900207E97 /* Frameworks */ = {
			isa = PBXFrameworksBuildPhase;
			buildActionMask = 2147483647;
			files = (
			);
			runOnlyForDeploymentPostprocessing = 0;
		};
/* End PBXFrameworksBuildPhase section */

/* Begin PBXGroup section */
		C519D7BA2BB9974600ECEC37 /* Screens */ = {
			isa = PBXGroup;
			children = (
				C519D7BB2BB9975200ECEC37 /* FrameworkGridView */,
				C519D7BC2BB9977800ECEC37 /* DetailView */,
			);
			path = Screens;
			sourceTree = "<group>";
		};
		C519D7BB2BB9975200ECEC37 /* FrameworkGridView */ = {
			isa = PBXGroup;
			children = (
				C54EFB9D2BB5A83900F7E947 /* FrameworkGridViewModel.swift */,
				C53C62B92BB08B6500207E97 /* FrameworkGridView.swift */,
			);
			path = FrameworkGridView;
			sourceTree = "<group>";
		};
		C519D7BC2BB9977800ECEC37 /* DetailView */ = {
			isa = PBXGroup;
			children = (
				C59ABA4D2BB2DEA0005C1819 /* DetailView.swift */,
			);
			path = DetailView;
			sourceTree = "<group>";
		};
		C519D7BD2BB9978500ECEC37 /* SafariView */ = {
			isa = PBXGroup;
			children = (
				C54EFB9F2BB5AD4B00F7E947 /* SafariView.swift */,
			);
			path = SafariView;
			sourceTree = "<group>";
		};
		C519D7BE2BB9979200ECEC37 /* Model */ = {
			isa = PBXGroup;
			children = (
				C53C62B72BB08A7400207E97 /* Framework.swift */,
			);
			path = Model;
			sourceTree = "<group>";
		};
		C519D7BF2BB997B800ECEC37 /* Views */ = {
			isa = PBXGroup;
			children = (
				C519D7C12BB997DA00ECEC37 /* View */,
				C519D7C02BB997C800ECEC37 /* Buttons */,
			);
			path = Views;
			sourceTree = "<group>";
		};
		C519D7C02BB997C800ECEC37 /* Buttons */ = {
			isa = PBXGroup;
			children = (
				C519D7B82BB995C300ECEC37 /* XDismissButton.swift */,
				C59ABA4F2BB2FC3A005C1819 /* AFButton.swift */,
			);
			path = Buttons;
			sourceTree = "<group>";
		};
		C519D7C12BB997DA00ECEC37 /* View */ = {
			isa = PBXGroup;
			children = (
				C53C62BB2BB08BB700207E97 /* GridItemView.swift */,
			);
			path = View;
			sourceTree = "<group>";
		};
		C519D7C22BB997ED00ECEC37 /* UIKit Components */ = {
			isa = PBXGroup;
			children = (
				C519D7BD2BB9978500ECEC37 /* SafariView */,
			);
			path = "UIKit Components";
			sourceTree = "<group>";
		};
		C53C629D2BB08A4900207E97 = {
			isa = PBXGroup;
			children = (
				C53C62A82BB08A4900207E97 /* Apple-Frameworks-SwiftUI */,
				C53C62A72BB08A4900207E97 /* Products */,
			);
			sourceTree = "<group>";
		};
		C53C62A72BB08A4900207E97 /* Products */ = {
			isa = PBXGroup;
			children = (
				C53C62A62BB08A4900207E97 /* Apple-Frameworks-SwiftUI.app */,
			);
			name = Products;
			sourceTree = "<group>";
		};
		C53C62A82BB08A4900207E97 /* Apple-Frameworks-SwiftUI */ = {
			isa = PBXGroup;
			children = (
				C519D7C22BB997ED00ECEC37 /* UIKit Components */,
				C519D7BF2BB997B800ECEC37 /* Views */,
				C519D7BE2BB9979200ECEC37 /* Model */,
				C519D7BA2BB9974600ECEC37 /* Screens */,
				C53C62A92BB08A4900207E97 /* Apple_Frameworks_SwiftUIApp.swift */,
				C53C62AD2BB08A4B00207E97 /* Assets.xcassets */,
				C53C62AF2BB08A4B00207E97 /* Preview Content */,
			);
			path = "Apple-Frameworks-SwiftUI";
			sourceTree = "<group>";
		};
		C53C62AF2BB08A4B00207E97 /* Preview Content */ = {
			isa = PBXGroup;
			children = (
				C53C62B02BB08A4B00207E97 /* Preview Assets.xcassets */,
			);
			path = "Preview Content";
			sourceTree = "<group>";
		};
/* End PBXGroup section */

/* Begin PBXNativeTarget section */
		C53C62A52BB08A4900207E97 /* Apple-Frameworks-SwiftUI */ = {
			isa = PBXNativeTarget;
			buildConfigurationList = C53C62B42BB08A4B00207E97 /* Build configuration list for PBXNativeTarget "Apple-Frameworks-SwiftUI" */;
			buildPhases = (
				C53C62A22BB08A4900207E97 /* Sources */,
				C53C62A32BB08A4900207E97 /* Frameworks */,
				C53C62A42BB08A4900207E97 /* Resources */,
			);
			buildRules = (
			);
			dependencies = (
			);
			name = "Apple-Frameworks-SwiftUI";
			productName = "Apple-Frameworks-SwiftUI";
			productReference = C53C62A62BB08A4900207E97 /* Apple-Frameworks-SwiftUI.app */;
			productType = "com.apple.product-type.application";
		};
/* End PBXNativeTarget section */

/* Begin PBXProject section */
		C53C629E2BB08A4900207E97 /* Project object */ = {
			isa = PBXProject;
			attributes = {
				BuildIndependentTargetsInParallel = 1;
				LastSwiftUpdateCheck = 1520;
				LastUpgradeCheck = 1520;
				TargetAttributes = {
					C53C62A52BB08A4900207E97 = {
						CreatedOnToolsVersion = 15.2;
					};
				};
			};
			buildConfigurationList = C53C62A12BB08A4900207E97 /* Build configuration list for PBXProject "Apple-Frameworks-SwiftUI" */;
			compatibilityVersion = "Xcode 14.0";
			developmentRegion = en;
			hasScannedForEncodings = 0;
			knownRegions = (
				en,
				Base,
			);
			mainGroup = C53C629D2BB08A4900207E97;
			productRefGroup = C53C62A72BB08A4900207E97 /* Products */;
			projectDirPath = "";
			projectRoot = "";
			targets = (
				C53C62A52BB08A4900207E97 /* Apple-Frameworks-SwiftUI */,
			);
		};
/* End PBXProject section */

/* Begin PBXResourcesBuildPhase section */
		C53C62A42BB08A4900207E97 /* Resources */ = {
			isa = PBXResourcesBuildPhase;
			buildActionMask = 2147483647;
			files = (
				C53C62B12BB08A4B00207E97 /* Preview Assets.xcassets in Resources */,
				C53C62AE2BB08A4B00207E97 /* Assets.xcassets in Resources */,
			);
			runOnlyForDeploymentPostprocessing = 0;
		};
/* End PBXResourcesBuildPhase section */

/* Begin PBXSourcesBuildPhase section */
		C53C62A22BB08A4900207E97 /* Sources */ = {
			isa = PBXSourcesBuildPhase;
			buildActionMask = 2147483647;
			files = (
				C53C62BA2BB08B6500207E97 /* FrameworkGridView.swift in Sources */,
				C53C62BC2BB08BB700207E97 /* GridItemView.swift in Sources */,
				C519D7B92BB995C300ECEC37 /* XDismissButton.swift in Sources */,
				C53C62B82BB08A7400207E97 /* Framework.swift in Sources */,
				C59ABA4E2BB2DEA0005C1819 /* DetailView.swift in Sources */,
				C54EFBA02BB5AD4B00F7E947 /* SafariView.swift in Sources */,
				C59ABA502BB2FC3A005C1819 /* AFButton.swift in Sources */,
				C54EFB9E2BB5A83900F7E947 /* FrameworkGridViewModel.swift in Sources */,
				C53C62AA2BB08A4900207E97 /* Apple_Frameworks_SwiftUIApp.swift in Sources */,
			);
			runOnlyForDeploymentPostprocessing = 0;
		};
/* End PBXSourcesBuildPhase section */

/* Begin XCBuildConfiguration section */
		C53C62B22BB08A4B00207E97 /* Debug */ = {
			isa = XCBuildConfiguration;
			buildSettings = {
				ALWAYS_SEARCH_USER_PATHS = NO;
				ASSETCATALOG_COMPILER_GENERATE_SWIFT_ASSET_SYMBOL_EXTENSIONS = YES;
				CLANG_ANALYZER_NONNULL = YES;
				CLANG_ANALYZER_NUMBER_OBJECT_CONVERSION = YES_AGGRESSIVE;
				CLANG_CXX_LANGUAGE_STANDARD = "gnu++20";
				CLANG_ENABLE_MODULES = YES;
				CLANG_ENABLE_OBJC_ARC = YES;
				CLANG_ENABLE_OBJC_WEAK = YES;
				CLANG_WARN_BLOCK_CAPTURE_AUTORELEASING = YES;
				CLANG_WARN_BOOL_CONVERSION = YES;
				CLANG_WARN_COMMA = YES;
				CLANG_WARN_CONSTANT_CONVERSION = YES;
				CLANG_WARN_DEPRECATED_OBJC_IMPLEMENTATIONS = YES;
				CLANG_WARN_DIRECT_OBJC_ISA_USAGE = YES_ERROR;
				CLANG_WARN_DOCUMENTATION_COMMENTS = YES;
				CLANG_WARN_EMPTY_BODY = YES;
				CLANG_WARN_ENUM_CONVERSION = YES;
				CLANG_WARN_INFINITE_RECURSION = YES;
				CLANG_WARN_INT_CONVERSION = YES;
				CLANG_WARN_NON_LITERAL_NULL_CONVERSION = YES;
				CLANG_WARN_OBJC_IMPLICIT_RETAIN_SELF = YES;
				CLANG_WARN_OBJC_LITERAL_CONVERSION = YES;
				CLANG_WARN_OBJC_ROOT_CLASS = YES_ERROR;
				CLANG_WARN_QUOTED_INCLUDE_IN_FRAMEWORK_HEADER = YES;
				CLANG_WARN_RANGE_LOOP_ANALYSIS = YES;
				CLANG_WARN_STRICT_PROTOTYPES = YES;
				CLANG_WARN_SUSPICIOUS_MOVE = YES;
				CLANG_WARN_UNGUARDED_AVAILABILITY = YES_AGGRESSIVE;
				CLANG_WARN_UNREACHABLE_CODE = YES;
				CLANG_WARN__DUPLICATE_METHOD_MATCH = YES;
				COPY_PHASE_STRIP = NO;
				DEBUG_INFORMATION_FORMAT = dwarf;
				ENABLE_STRICT_OBJC_MSGSEND = YES;
				ENABLE_TESTABILITY = YES;
				ENABLE_USER_SCRIPT_SANDBOXING = YES;
				GCC_C_LANGUAGE_STANDARD = gnu17;
				GCC_DYNAMIC_NO_PIC = NO;
				GCC_NO_COMMON_BLOCKS = YES;
				GCC_OPTIMIZATION_LEVEL = 0;
				GCC_PREPROCESSOR_DEFINITIONS = (
					"DEBUG=1",
					"$(inherited)",
				);
				GCC_WARN_64_TO_32_BIT_CONVERSION = YES;
				GCC_WARN_ABOUT_RETURN_TYPE = YES_ERROR;
				GCC_WARN_UNDECLARED_SELECTOR = YES;
				GCC_WARN_UNINITIALIZED_AUTOS = YES_AGGRESSIVE;
				GCC_WARN_UNUSED_FUNCTION = YES;
				GCC_WARN_UNUSED_VARIABLE = YES;
				IPHONEOS_DEPLOYMENT_TARGET = 17.2;
				LOCALIZATION_PREFERS_STRING_CATALOGS = YES;
				MTL_ENABLE_DEBUG_INFO = INCLUDE_SOURCE;
				MTL_FAST_MATH = YES;
				ONLY_ACTIVE_ARCH = YES;
				SDKROOT = iphoneos;
				SWIFT_ACTIVE_COMPILATION_CONDITIONS = "DEBUG $(inherited)";
				SWIFT_OPTIMIZATION_LEVEL = "-Onone";
			};
			name = Debug;
		};
		C53C62B32BB08A4B00207E97 /* Release */ = {
			isa = XCBuildConfiguration;
			buildSettings = {
				ALWAYS_SEARCH_USER_PATHS = NO;
				ASSETCATALOG_COMPILER_GENERATE_SWIFT_ASSET_SYMBOL_EXTENSIONS = YES;
				CLANG_ANALYZER_NONNULL = YES;
				CLANG_ANALYZER_NUMBER_OBJECT_CONVERSION = YES_AGGRESSIVE;
				CLANG_CXX_LANGUAGE_STANDARD = "gnu++20";
				CLANG_ENABLE_MODULES = YES;
				CLANG_ENABLE_OBJC_ARC = YES;
				CLANG_ENABLE_OBJC_WEAK = YES;
				CLANG_WARN_BLOCK_CAPTURE_AUTORELEASING = YES;
				CLANG_WARN_BOOL_CONVERSION = YES;
				CLANG_WARN_COMMA = YES;
				CLANG_WARN_CONSTANT_CONVERSION = YES;
				CLANG_WARN_DEPRECATED_OBJC_IMPLEMENTATIONS = YES;
				CLANG_WARN_DIRECT_OBJC_ISA_USAGE = YES_ERROR;
				CLANG_WARN_DOCUMENTATION_COMMENTS = YES;
				CLANG_WARN_EMPTY_BODY = YES;
				CLANG_WARN_ENUM_CONVERSION = YES;
				CLANG_WARN_INFINITE_RECURSION = YES;
				CLANG_WARN_INT_CONVERSION = YES;
				CLANG_WARN_NON_LITERAL_NULL_CONVERSION = YES;
				CLANG_WARN_OBJC_IMPLICIT_RETAIN_SELF = YES;
				CLANG_WARN_OBJC_LITERAL_CONVERSION = YES;
				CLANG_WARN_OBJC_ROOT_CLASS = YES_ERROR;
				CLANG_WARN_QUOTED_INCLUDE_IN_FRAMEWORK_HEADER = YES;
				CLANG_WARN_RANGE_LOOP_ANALYSIS = YES;
				CLANG_WARN_STRICT_PROTOTYPES = YES;
				CLANG_WARN_SUSPICIOUS_MOVE = YES;
				CLANG_WARN_UNGUARDED_AVAILABILITY = YES_AGGRESSIVE;
				CLANG_WARN_UNREACHABLE_CODE = YES;
				CLANG_WARN__DUPLICATE_METHOD_MATCH = YES;
				COPY_PHASE_STRIP = NO;
				DEBUG_INFORMATION_FORMAT = "dwarf-with-dsym";
				ENABLE_NS_ASSERTIONS = NO;
				ENABLE_STRICT_OBJC_MSGSEND = YES;
				ENABLE_USER_SCRIPT_SANDBOXING = YES;
				GCC_C_LANGUAGE_STANDARD = gnu17;
				GCC_NO_COMMON_BLOCKS = YES;
				GCC_WARN_64_TO_32_BIT_CONVERSION = YES;
				GCC_WARN_ABOUT_RETURN_TYPE = YES_ERROR;
				GCC_WARN_UNDECLARED_SELECTOR = YES;
				GCC_WARN_UNINITIALIZED_AUTOS = YES_AGGRESSIVE;
				GCC_WARN_UNUSED_FUNCTION = YES;
				GCC_WARN_UNUSED_VARIABLE = YES;
				IPHONEOS_DEPLOYMENT_TARGET = 17.2;
				LOCALIZATION_PREFERS_STRING_CATALOGS = YES;
				MTL_ENABLE_DEBUG_INFO = NO;
				MTL_FAST_MATH = YES;
				SDKROOT = iphoneos;
				SWIFT_COMPILATION_MODE = wholemodule;
				VALIDATE_PRODUCT = YES;
			};
			name = Release;
		};
		C53C62B52BB08A4B00207E97 /* Debug */ = {
			isa = XCBuildConfiguration;
			buildSettings = {
				ASSETCATALOG_COMPILER_APPICON_NAME = AppIcon;
				ASSETCATALOG_COMPILER_GLOBAL_ACCENT_COLOR_NAME = AccentColor;
				CODE_SIGN_STYLE = Automatic;
				CURRENT_PROJECT_VERSION = 1;
				DEVELOPMENT_ASSET_PATHS = "\"Apple-Frameworks-SwiftUI/Preview Content\"";
				DEVELOPMENT_TEAM = 7DQ27655C6;
				ENABLE_PREVIEWS = YES;
				GENERATE_INFOPLIST_FILE = YES;
				INFOPLIST_KEY_UIApplicationSceneManifest_Generation = YES;
				INFOPLIST_KEY_UIApplicationSupportsIndirectInputEvents = YES;
				INFOPLIST_KEY_UILaunchScreen_Generation = YES;
				INFOPLIST_KEY_UISupportedInterfaceOrientations_iPad = "UIInterfaceOrientationPortrait UIInterfaceOrientationPortraitUpsideDown UIInterfaceOrientationLandscapeLeft UIInterfaceOrientationLandscapeRight";
				INFOPLIST_KEY_UISupportedInterfaceOrientations_iPhone = "UIInterfaceOrientationPortrait UIInterfaceOrientationLandscapeLeft UIInterfaceOrientationLandscapeRight";
				LD_RUNPATH_SEARCH_PATHS = (
					"$(inherited)",
					"@executable_path/Frameworks",
				);
				MARKETING_VERSION = 1.0;
				PRODUCT_BUNDLE_IDENTIFIER = "com.ahmer.Apple-Frameworks-SwiftUI";
				PRODUCT_NAME = "$(TARGET_NAME)";
				SWIFT_EMIT_LOC_STRINGS = YES;
				SWIFT_VERSION = 5.0;
				TARGETED_DEVICE_FAMILY = "1,2";
			};
			name = Debug;
		};
		C53C62B62BB08A4B00207E97 /* Release */ = {
			isa = XCBuildConfiguration;
			buildSettings = {
				ASSETCATALOG_COMPILER_APPICON_NAME = AppIcon;
				ASSETCATALOG_COMPILER_GLOBAL_ACCENT_COLOR_NAME = AccentColor;
				CODE_SIGN_STYLE = Automatic;
				CURRENT_PROJECT_VERSION = 1;
				DEVELOPMENT_ASSET_PATHS = "\"Apple-Frameworks-SwiftUI/Preview Content\"";
				DEVELOPMENT_TEAM = 7DQ27655C6;
				ENABLE_PREVIEWS = YES;
				GENERATE_INFOPLIST_FILE = YES;
				INFOPLIST_KEY_UIApplicationSceneManifest_Generation = YES;
				INFOPLIST_KEY_UIApplicationSupportsIndirectInputEvents = YES;
				INFOPLIST_KEY_UILaunchScreen_Generation = YES;
				INFOPLIST_KEY_UISupportedInterfaceOrientations_iPad = "UIInterfaceOrientationPortrait UIInterfaceOrientationPortraitUpsideDown UIInterfaceOrientationLandscapeLeft UIInterfaceOrientationLandscapeRight";
				INFOPLIST_KEY_UISupportedInterfaceOrientations_iPhone = "UIInterfaceOrientationPortrait UIInterfaceOrientationLandscapeLeft UIInterfaceOrientationLandscapeRight";
				LD_RUNPATH_SEARCH_PATHS = (
					"$(inherited)",
					"@executable_path/Frameworks",
				);
				MARKETING_VERSION = 1.0;
				PRODUCT_BUNDLE_IDENTIFIER = "com.ahmer.Apple-Frameworks-SwiftUI";
				PRODUCT_NAME = "$(TARGET_NAME)";
				SWIFT_EMIT_LOC_STRINGS = YES;
				SWIFT_VERSION = 5.0;
				TARGETED_DEVICE_FAMILY = "1,2";
			};
			name = Release;
		};
/* End XCBuildConfiguration section */

/* Begin XCConfigurationList section */
		C53C62A12BB08A4900207E97 /* Build configuration list for PBXProject "Apple-Frameworks-SwiftUI" */ = {
			isa = XCConfigurationList;
			buildConfigurations = (
				C53C62B22BB08A4B00207E97 /* Debug */,
				C53C62B32BB08A4B00207E97 /* Release */,
			);
			defaultConfigurationIsVisible = 0;
			defaultConfigurationName = Release;
		};
		C53C62B42BB08A4B00207E97 /* Build configuration list for PBXNativeTarget "Apple-Frameworks-SwiftUI" */ = {
			isa = XCConfigurationList;
			buildConfigurations = (
				C53C62B52BB08A4B00207E97 /* Debug */,
				C53C62B62BB08A4B00207E97 /* Release */,
			);
			defaultConfigurationIsVisible = 0;
			defaultConfigurationName = Release;
		};
/* End XCConfigurationList section */
	};
	rootObject = C53C629E2BB08A4900207E97 /* Project object */;
}
